
Microsoft Visual Studio Solution File, Format Version 10.00
# Visual Studio 2008
Project("{F14B399A-7131-4C87-9E4B-1186C45EF12D}") = "PalassoMellanlagring", "PalassoMellanlagring.rptproj", "{2E83623F-C5A3-4267-880B-1B5B83E6AC87}"
EndProject
Global
	GlobalSection(SolutionConfigurationPlatforms) = preSolution
		Debug|Default = Debug|Default
		DebugLocal|Default = DebugLocal|Default
		Release|Default = Release|Default
	EndGlobalSection
	GlobalSection(ProjectConfigurationPlatforms) = postSolution
		{2E83623F-C5A3-4267-880B-1B5B83E6AC87}.Debug|Default.ActiveCfg = Debug
		{2E83623F-C5A3-4267-880B-1B5B83E6AC87}.Debug|Default.Build.0 = DebugLocal
		{2E83623F-C5A3-4267-880B-1B5B83E6AC87}.Debug|Default.Deploy.0 = DebugLocal
		{2E83623F-C5A3-4267-880B-1B5B83E6AC87}.DebugLocal|Default.ActiveCfg = DebugLocal
		{2E83623F-C5A3-4267-880B-1B5B83E6AC87}.DebugLocal|Default.Build.0 = DebugLocal
		{2E83623F-C5A3-4267-880B-1B5B83E6AC87}.Release|Default.ActiveCfg = Release
		{2E83623F-C5A3-4267-880B-1B5B83E6AC87}.Release|Default.Build.0 = Release
		{2E83623F-C5A3-4267-880B-1B5B83E6AC87}.Release|Default.Deploy.0 = Release
	EndGlobalSection
	GlobalSection(SolutionProperties) = preSolution
		HideSolutionNode = FALSE
	EndGlobalSection
EndGlobal
